
Microsoft Visual Studio Solution File, Format Version 11.00
# Visual Studio 2010
Project("{FAE04EC0-301F-11D3-BF4B-00C04F79EFBC}") = "TridionTemplates", "TridionTemplates\TridionTemplates.csproj", "{FD4F1B85-56B5-40BD-B090-AB2436A83996}"
EndProject
Global
	GlobalSection(SolutionConfigurationPlatforms) = preSolution
		Debug|Any CPU = Debug|Any CPU
		Release|Any CPU = Release|Any CPU
	EndGlobalSection
	GlobalSection(ProjectConfigurationPlatforms) = postSolution
		{FD4F1B85-56B5-40BD-B090-AB2436A83996}.Debug|Any CPU.ActiveCfg = Debug|Any CPU
		{FD4F1B85-56B5-40BD-B090-AB2436A83996}.Debug|Any CPU.Build.0 = Debug|Any CPU
		{FD4F1B85-56B5-40BD-B090-AB2436A83996}.Release|Any CPU.ActiveCfg = Release|Any CPU
		{FD4F1B85-56B5-40BD-B090-AB2436A83996}.Release|Any CPU.Build.0 = Release|Any CPU
	EndGlobalSection
	GlobalSection(SolutionProperties) = preSolution
		HideSolutionNode = FALSE
	EndGlobalSection
EndGlobal
